// !$*UTF8*$!
{
	archiveVersion = 1;
	classes = {
	};
	objectVersion = 56;
	objects = {

/* Begin PBXBuildFile section */
		71C0AEB32E689A9600D9C861 /* Google_BallsApp.swift in Sources */ = {isa = PBXBuildFile; fileRef = 71C0AEB22E689A9600D9C861 /* Google_BallsApp.swift */; };
		71C0AEB52E689A9600D9C861 /* ViewController.swift in Sources */ = {isa = PBXBuildFile; fileRef = 71C0AEB42E689A9600D9C861 /* ViewController.swift */; };
		71C0AEB72E689A9700D9C861 /* Assets.xcassets in Resources */ = {isa = PBXBuildFile; fileRef = 71C0AEB62E689A9700D9C861 /* Assets.xcassets */; };
		71C0AEBA2E689A9700D9C861 /* Preview Assets.xcassets in Resources */ = {isa = PBXBuildFile; fileRef = 71C0AEB92E689A9700D9C861 /* Preview Assets.xcassets */; };
		71C0AEC42E689A9700D9C861 /* Google_BallsTests.swift in Sources */ = {isa = PBXBuildFile; fileRef = 71C0AEC32E689A9700D9C861 /* Google_BallsTests.swift */; };
		71C0AECE2E689A9700D9C861 /* Google_BallsUITests.swift in Sources */ = {isa = PBXBuildFile; fileRef = 71C0AECD2E689A9700D9C861 /* Google_BallsUITests.swift */; };
		71C0AED02E689A9700D9C861 /* Google_BallsUITestsLaunchTests.swift in Sources */ = {isa = PBXBuildFile; fileRef = 71C0AECF2E689A9700D9C861 /* Google_BallsUITestsLaunchTests.swift */; };
		71C0AEDF2E68A4D900D9C861 /* ContentView.swift in Sources */ = {isa = PBXBuildFile; fileRef = 71C0AEDE2E68A4D900D9C861 /* ContentView.swift */; };
		71C0AEE32E68AB1E00D9C861 /* balls.html in Resources */ = {isa = PBXBuildFile; fileRef = 71C0AEE22E68AB1E00D9C861 /* balls.html */; };
/* End PBXBuildFile section */

/* Begin PBXContainerItemProxy section */
		71C0AEC02E689A9700D9C861 /* PBXContainerItemProxy */ = {
			isa = PBXContainerItemProxy;
			containerPortal = 71C0AEA72E689A9600D9C861 /* Project object */;
			proxyType = 1;
			remoteGlobalIDString = 71C0AEAE2E689A9600D9C861;
			remoteInfo = "Google Balls";
		};
		71C0AECA2E689A9700D9C861 /* PBXContainerItemProxy */ = {
			isa = PBXContainerItemProxy;
			containerPortal = 71C0AEA72E689A9600D9C861 /* Project object */;
			proxyType = 1;
			remoteGlobalIDString = 71C0AEAE2E689A9600D9C861;
			remoteInfo = "Google Balls";
		};
/* End PBXContainerItemProxy section */

/* Begin PBXFileReference section */
		71C0AEAF2E689A9600D9C861 /* Google Balls.app */ = {isa = PBXFileReference; explicitFileType = wrapper.application; includeInIndex = 0; path = "Google Balls.app"; sourceTree = BUILT_PRODUCTS_DIR; };
		71C0AEB22E689A9600D9C861 /* Google_BallsApp.swift */ = {isa = PBXFileReference; lastKnownFileType = sourcecode.swift; path = Google_BallsApp.swift; sourceTree = "<group>"; };
		71C0AEB42E689A9600D9C861 /* ViewController.swift */ = {isa = PBXFileReference; lastKnownFileType = sourcecode.swift; path = ViewController.swift; sourceTree = "<group>"; };
		71C0AEB62E689A9700D9C861 /* Assets.xcassets */ = {isa = PBXFileReference; lastKnownFileType = folder.assetcatalog; path = Assets.xcassets; sourceTree = "<group>"; };
		71C0AEB92E689A9700D9C861 /* Preview Assets.xcassets */ = {isa = PBXFileReference; lastKnownFileType = folder.assetcatalog; path = "Preview Assets.xcassets"; sourceTree = "<group>"; };
		71C0AEBF2E689A9700D9C861 /* Google BallsTests.xctest */ = {isa = PBXFileReference; explicitFileType = wrapper.cfbundle; includeInIndex = 0; path = "Google BallsTests.xctest"; sourceTree = BUILT_PRODUCTS_DIR; };
		71C0AEC32E689A9700D9C861 /* Google_BallsTests.swift */ = {isa = PBXFileReference; lastKnownFileType = sourcecode.swift; path = Google_BallsTests.swift; sourceTree = "<group>"; };
		71C0AEC92E689A9700D9C861 /* Google BallsUITests.xctest */ = {isa = PBXFileReference; explicitFileType = wrapper.cfbundle; includeInIndex = 0; path = "Google BallsUITests.xctest"; sourceTree = BUILT_PRODUCTS_DIR; };
		71C0AECD2E689A9700D9C861 /* Google_BallsUITests.swift */ = {isa = PBXFileReference; lastKnownFileType = sourcecode.swift; path = Google_BallsUITests.swift; sourceTree = "<group>"; };
		71C0AECF2E689A9700D9C861 /* Google_BallsUITestsLaunchTests.swift */ = {isa = PBXFileReference; lastKnownFileType = sourcecode.swift; path = Google_BallsUITestsLaunchTests.swift; sourceTree = "<group>"; };
		71C0AEDE2E68A4D900D9C861 /* ContentView.swift */ = {isa = PBXFileReference; lastKnownFileType = sourcecode.swift; path = ContentView.swift; sourceTree = "<group>"; };
		71C0AEE22E68AB1E00D9C861 /* balls.html */ = {isa = PBXFileReference; fileEncoding = 4; lastKnownFileType = text.html; path = balls.html; sourceTree = "<group>"; };
/* End PBXFileReference section */

/* Begin PBXFrameworksBuildPhase section */
		71C0AEAC2E689A9600D9C861 /* Frameworks */ = {
			isa = PBXFrameworksBuildPhase;
			buildActionMask = 2147483647;
			files = (
			);
			runOnlyForDeploymentPostprocessing = 0;
		};
		71C0AEBC2E689A9700D9C861 /* Frameworks */ = {
			isa = PBXFrameworksBuildPhase;
			buildActionMask = 2147483647;
			files = (
			);
			runOnlyForDeploymentPostprocessing = 0;
		};
		71C0AEC62E689A9700D9C861 /* Frameworks */ = {
			isa = PBXFrameworksBuildPhase;
			buildActionMask = 2147483647;
			files = (
			);
			runOnlyForDeploymentPostprocessing = 0;
		};
/* End PBXFrameworksBuildPhase section */

/* Begin PBXGroup section */
		71C0AEA62E689A9600D9C861 = {
			isa = PBXGroup;
			children = (
				71C0AEB12E689A9600D9C861 /* Google Balls */,
				71C0AEC22E689A9700D9C861 /* Google BallsTests */,
				71C0AECC2E689A9700D9C861 /* Google BallsUITests */,
				71C0AEB02E689A9600D9C861 /* Products */,
			);
			sourceTree = "<group>";
		};
		71C0AEB02E689A9600D9C861 /* Products */ = {
			isa = PBXGroup;
			children = (
				71C0AEAF2E689A9600D9C861 /* Google Balls.app */,
				71C0AEBF2E689A9700D9C861 /* Google BallsTests.xctest */,
				71C0AEC92E689A9700D9C861 /* Google BallsUITests.xctest */,
			);
			name = Products;
			sourceTree = "<group>";
		};
		71C0AEB12E689A9600D9C861 /* Google Balls */ = {
			isa = PBXGroup;
			children = (
				71C0AEE22E68AB1E00D9C861 /* balls.html */,
				71C0AEB22E689A9600D9C861 /* Google_BallsApp.swift */,
				71C0AEB42E689A9600D9C861 /* ViewController.swift */,
				71C0AEB62E689A9700D9C861 /* Assets.xcassets */,
				71C0AEB82E689A9700D9C861 /* Preview Content */,
				71C0AEDE2E68A4D900D9C861 /* ContentView.swift */,
			);
			path = "Google Balls";
			sourceTree = "<group>";
		};
		71C0AEB82E689A9700D9C861 /* Preview Content */ = {
			isa = PBXGroup;
			children = (
				71C0AEB92E689A9700D9C861 /* Preview Assets.xcassets */,
			);
			path = "Preview Content";
			sourceTree = "<group>";
		};
		71C0AEC22E689A9700D9C861 /* Google BallsTests */ = {
			isa = PBXGroup;
			children = (
				71C0AEC32E689A9700D9C861 /* Google_BallsTests.swift */,
			);
			path = "Google BallsTests";
			sourceTree = "<group>";
		};
		71C0AECC2E689A9700D9C861 /* Google BallsUITests */ = {
			isa = PBXGroup;
			children = (
				71C0AECD2E689A9700D9C861 /* Google_BallsUITests.swift */,
				71C0AECF2E689A9700D9C861 /* Google_BallsUITestsLaunchTests.swift */,
			);
			path = "Google BallsUITests";
			sourceTree = "<group>";
		};
/* End PBXGroup section */

/* Begin PBXNativeTarget section */
		71C0AEAE2E689A9600D9C861 /* Google Balls */ = {
			isa = PBXNativeTarget;
			buildConfigurationList = 71C0AED32E689A9700D9C861 /* Build configuration list for PBXNativeTarget "Google Balls" */;
			buildPhases = (
				71C0AEAB2E689A9600D9C861 /* Sources */,
				71C0AEAC2E689A9600D9C861 /* Frameworks */,
				71C0AEAD2E689A9600D9C861 /* Resources */,
			);
			buildRules = (
			);
			dependencies = (
			);
			name = "Google Balls";
			productName = "Google Balls";
			productReference = 71C0AEAF2E689A9600D9C861 /* Google Balls.app */;
			productType = "com.apple.product-type.application";
		};
		71C0AEBE2E689A9700D9C861 /* Google BallsTests */ = {
			isa = PBXNativeTarget;
			buildConfigurationList = 71C0AED62E689A9700D9C861 /* Build configuration list for PBXNativeTarget "Google BallsTests" */;
			buildPhases = (
				71C0AEBB2E689A9700D9C861 /* Sources */,
				71C0AEBC2E689A9700D9C861 /* Frameworks */,
				71C0AEBD2E689A9700D9C861 /* Resources */,
			);
			buildRules = (
			);
			dependencies = (
				71C0AEC12E689A9700D9C861 /* PBXTargetDependency */,
			);
			name = "Google BallsTests";
			productName = "Google BallsTests";
			productReference = 71C0AEBF2E689A9700D9C861 /* Google BallsTests.xctest */;
			productType = "com.apple.product-type.bundle.unit-test";
		};
		71C0AEC82E689A9700D9C861 /* Google BallsUITests */ = {
			isa = PBXNativeTarget;
			buildConfigurationList = 71C0AED92E689A9700D9C861 /* Build configuration list for PBXNativeTarget "Google BallsUITests" */;
			buildPhases = (
				71C0AEC52E689A9700D9C861 /* Sources */,
				71C0AEC62E689A9700D9C861 /* Frameworks */,
				71C0AEC72E689A9700D9C861 /* Resources */,
			);
			buildRules = (
			);
			dependencies = (
				71C0AECB2E689A9700D9C861 /* PBXTargetDependency */,
			);
			name = "Google BallsUITests";
			productName = "Google BallsUITests";
			productReference = 71C0AEC92E689A9700D9C861 /* Google BallsUITests.xctest */;
			productType = "com.apple.product-type.bundle.ui-testing";
		};
/* End PBXNativeTarget section */

/* Begin PBXProject section */
		71C0AEA72E689A9600D9C861 /* Project object */ = {
			isa = PBXProject;
			attributes = {
				BuildIndependentTargetsInParallel = 1;
				LastSwiftUpdateCheck = 1520;
				LastUpgradeCheck = 1520;
				TargetAttributes = {
					71C0AEAE2E689A9600D9C861 = {
						CreatedOnToolsVersion = 15.2;
					};
					71C0AEBE2E689A9700D9C861 = {
						CreatedOnToolsVersion = 15.2;
						TestTargetID = 71C0AEAE2E689A9600D9C861;
					};
					71C0AEC82E689A9700D9C861 = {
						CreatedOnToolsVersion = 15.2;
						TestTargetID = 71C0AEAE2E689A9600D9C861;
					};
				};
			};
			buildConfigurationList = 71C0AEAA2E689A9600D9C861 /* Build configuration list for PBXProject "Google Balls" */;
			compatibilityVersion = "Xcode 14.0";
			developmentRegion = en;
			hasScannedForEncodings = 0;
			knownRegions = (
				en,
				Base,
			);
			mainGroup = 71C0AEA62E689A9600D9C861;
			productRefGroup = 71C0AEB02E689A9600D9C861 /* Products */;
			projectDirPath = "";
			projectRoot = "";
			targets = (
				71C0AEAE2E689A9600D9C861 /* Google Balls */,
				71C0AEBE2E689A9700D9C861 /* Google BallsTests */,
				71C0AEC82E689A9700D9C861 /* Google BallsUITests */,
			);
		};
/* End PBXProject section */

/* Begin PBXResourcesBuildPhase section */
		71C0AEAD2E689A9600D9C861 /* Resources */ = {
			isa = PBXResourcesBuildPhase;
			buildActionMask = 2147483647;
			files = (
				71C0AEBA2E689A9700D9C861 /* Preview Assets.xcassets in Resources */,
				71C0AEE32E68AB1E00D9C861 /* balls.html in Resources */,
				71C0AEB72E689A9700D9C861 /* Assets.xcassets in Resources */,
			);
			runOnlyForDeploymentPostprocessing = 0;
		};
		71C0AEBD2E689A9700D9C861 /* Resources */ = {
			isa = PBXResourcesBuildPhase;
			buildActionMask = 2147483647;
			files = (
			);
			runOnlyForDeploymentPostprocessing = 0;
		};
		71C0AEC72E689A9700D9C861 /* Resources */ = {
			isa = PBXResourcesBuildPhase;
			buildActionMask = 2147483647;
			files = (
			);
			runOnlyForDeploymentPostprocessing = 0;
		};
/* End PBXResourcesBuildPhase section */

/* Begin PBXSourcesBuildPhase section */
		71C0AEAB2E689A9600D9C861 /* Sources */ = {
			isa = PBXSourcesBuildPhase;
			buildActionMask = 2147483647;
			files = (
				71C0AEB52E689A9600D9C861 /* ViewController.swift in Sources */,
				71C0AEB32E689A9600D9C861 /* Google_BallsApp.swift in Sources */,
				71C0AEDF2E68A4D900D9C861 /* ContentView.swift in Sources */,
			);
			runOnlyForDeploymentPostprocessing = 0;
		};
		71C0AEBB2E689A9700D9C861 /* Sources */ = {
			isa = PBXSourcesBuildPhase;
			buildActionMask = 2147483647;
			files = (
				71C0AEC42E689A9700D9C861 /* Google_BallsTests.swift in Sources */,
			);
			runOnlyForDeploymentPostprocessing = 0;
		};
		71C0AEC52E689A9700D9C861 /* Sources */ = {
			isa = PBXSourcesBuildPhase;
			buildActionMask = 2147483647;
			files = (
				71C0AED02E689A9700D9C861 /* Google_BallsUITestsLaunchTests.swift in Sources */,
				71C0AECE2E689A9700D9C861 /* Google_BallsUITests.swift in Sources */,
			);
			runOnlyForDeploymentPostprocessing = 0;
		};
/* End PBXSourcesBuildPhase section */

/* Begin PBXTargetDependency section */
		71C0AEC12E689A9700D9C861 /* PBXTargetDependency */ = {
			isa = PBXTargetDependency;
			target = 71C0AEAE2E689A9600D9C861 /* Google Balls */;
			targetProxy = 71C0AEC02E689A9700D9C861 /* PBXContainerItemProxy */;
		};
		71C0AECB2E689A9700D9C861 /* PBXTargetDependency */ = {
			isa = PBXTargetDependency;
			target = 71C0AEAE2E689A9600D9C861 /* Google Balls */;
			targetProxy = 71C0AECA2E689A9700D9C861 /* PBXContainerItemProxy */;
		};
/* End PBXTargetDependency section */

/* Begin XCBuildConfiguration section */
		71C0AED12E689A9700D9C861 /* Debug */ = {
			isa = XCBuildConfiguration;
			buildSettings = {
				ALWAYS_SEARCH_USER_PATHS = NO;
				ASSETCATALOG_COMPILER_GENERATE_SWIFT_ASSET_SYMBOL_EXTENSIONS = YES;
				CLANG_ANALYZER_NONNULL = YES;
				CLANG_ANALYZER_NUMBER_OBJECT_CONVERSION = YES_AGGRESSIVE;
				CLANG_CXX_LANGUAGE_STANDARD = "gnu++20";
				CLANG_ENABLE_MODULES = YES;
				CLANG_ENABLE_OBJC_ARC = YES;
				CLANG_ENABLE_OBJC_WEAK = YES;
				CLANG_WARN_BLOCK_CAPTURE_AUTORELEASING = YES;
				CLANG_WARN_BOOL_CONVERSION = YES;
				CLANG_WARN_COMMA = YES;
				CLANG_WARN_CONSTANT_CONVERSION = YES;
				CLANG_WARN_DEPRECATED_OBJC_IMPLEMENTATIONS = YES;
				CLANG_WARN_DIRECT_OBJC_ISA_USAGE = YES_ERROR;
				CLANG_WARN_DOCUMENTATION_COMMENTS = YES;
				CLANG_WARN_EMPTY_BODY = YES;
				CLANG_WARN_ENUM_CONVERSION = YES;
				CLANG_WARN_INFINITE_RECURSION = YES;
				CLANG_WARN_INT_CONVERSION = YES;
				CLANG_WARN_NON_LITERAL_NULL_CONVERSION = YES;
				CLANG_WARN_OBJC_IMPLICIT_RETAIN_SELF = YES;
				CLANG_WARN_OBJC_LITERAL_CONVERSION = YES;
				CLANG_WARN_OBJC_ROOT_CLASS = YES_ERROR;
				CLANG_WARN_QUOTED_INCLUDE_IN_FRAMEWORK_HEADER = YES;
				CLANG_WARN_RANGE_LOOP_ANALYSIS = YES;
				CLANG_WARN_STRICT_PROTOTYPES = YES;
				CLANG_WARN_SUSPICIOUS_MOVE = YES;
				CLANG_WARN_UNGUARDED_AVAILABILITY = YES_AGGRESSIVE;
				CLANG_WARN_UNREACHABLE_CODE = YES;
				CLANG_WARN__DUPLICATE_METHOD_MATCH = YES;
				COPY_PHASE_STRIP = NO;
				DEBUG_INFORMATION_FORMAT = dwarf;
				ENABLE_STRICT_OBJC_MSGSEND = YES;
				ENABLE_TESTABILITY = YES;
				ENABLE_USER_SCRIPT_SANDBOXING = YES;
				GCC_C_LANGUAGE_STANDARD = gnu17;
				GCC_DYNAMIC_NO_PIC = NO;
				GCC_NO_COMMON_BLOCKS = YES;
				GCC_OPTIMIZATION_LEVEL = 0;
				GCC_PREPROCESSOR_DEFINITIONS = (
					"DEBUG=1",
					"$(inherited)",
				);
				GCC_WARN_64_TO_32_BIT_CONVERSION = YES;
				GCC_WARN_ABOUT_RETURN_TYPE = YES_ERROR;
				GCC_WARN_UNDECLARED_SELECTOR = YES;
				GCC_WARN_UNINITIALIZED_AUTOS = YES_AGGRESSIVE;
				GCC_WARN_UNUSED_FUNCTION = YES;
				GCC_WARN_UNUSED_VARIABLE = YES;
				IPHONEOS_DEPLOYMENT_TARGET = 14.0;
				LOCALIZATION_PREFERS_STRING_CATALOGS = YES;
				MTL_ENABLE_DEBUG_INFO = INCLUDE_SOURCE;
				MTL_FAST_MATH = YES;
				ONLY_ACTIVE_ARCH = YES;
				SDKROOT = iphoneos;
				SWIFT_ACTIVE_COMPILATION_CONDITIONS = "DEBUG $(inherited)";
				SWIFT_OPTIMIZATION_LEVEL = "-Onone";
			};
			name = Debug;
		};
		71C0AED22E689A9700D9C861 /* Release */ = {
			isa = XCBuildConfiguration;
			buildSettings = {
				ALWAYS_SEARCH_USER_PATHS = NO;
				ASSETCATALOG_COMPILER_GENERATE_SWIFT_ASSET_SYMBOL_EXTENSIONS = YES;
				CLANG_ANALYZER_NONNULL = YES;
				CLANG_ANALYZER_NUMBER_OBJECT_CONVERSION = YES_AGGRESSIVE;
				CLANG_CXX_LANGUAGE_STANDARD = "gnu++20";
				CLANG_ENABLE_MODULES = YES;
				CLANG_ENABLE_OBJC_ARC = YES;
				CLANG_ENABLE_OBJC_WEAK = YES;
				CLANG_WARN_BLOCK_CAPTURE_AUTORELEASING = YES;
				CLANG_WARN_BOOL_CONVERSION = YES;
				CLANG_WARN_COMMA = YES;
				CLANG_WARN_CONSTANT_CONVERSION = YES;
				CLANG_WARN_DEPRECATED_OBJC_IMPLEMENTATIONS = YES;
				CLANG_WARN_DIRECT_OBJC_ISA_USAGE = YES_ERROR;
				CLANG_WARN_DOCUMENTATION_COMMENTS = YES;
				CLANG_WARN_EMPTY_BODY = YES;
				CLANG_WARN_ENUM_CONVERSION = YES;
				CLANG_WARN_INFINITE_RECURSION = YES;
				CLANG_WARN_INT_CONVERSION = YES;
				CLANG_WARN_NON_LITERAL_NULL_CONVERSION = YES;
				CLANG_WARN_OBJC_IMPLICIT_RETAIN_SELF = YES;
				CLANG_WARN_OBJC_LITERAL_CONVERSION = YES;
				CLANG_WARN_OBJC_ROOT_CLASS = YES_ERROR;
				CLANG_WARN_QUOTED_INCLUDE_IN_FRAMEWORK_HEADER = YES;
				CLANG_WARN_RANGE_LOOP_ANALYSIS = YES;
				CLANG_WARN_STRICT_PROTOTYPES = YES;
				CLANG_WARN_SUSPICIOUS_MOVE = YES;
				CLANG_WARN_UNGUARDED_AVAILABILITY = YES_AGGRESSIVE;
				CLANG_WARN_UNREACHABLE_CODE = YES;
				CLANG_WARN__DUPLICATE_METHOD_MATCH = YES;
				COPY_PHASE_STRIP = NO;
				DEBUG_INFORMATION_FORMAT = "dwarf-with-dsym";
				ENABLE_NS_ASSERTIONS = NO;
				ENABLE_STRICT_OBJC_MSGSEND = YES;
				ENABLE_USER_SCRIPT_SANDBOXING = YES;
				GCC_C_LANGUAGE_STANDARD = gnu17;
				GCC_NO_COMMON_BLOCKS = YES;
				GCC_WARN_64_TO_32_BIT_CONVERSION = YES;
				GCC_WARN_ABOUT_RETURN_TYPE = YES_ERROR;
				GCC_WARN_UNDECLARED_SELECTOR = YES;
				GCC_WARN_UNINITIALIZED_AUTOS = YES_AGGRESSIVE;
				GCC_WARN_UNUSED_FUNCTION = YES;
				GCC_WARN_UNUSED_VARIABLE = YES;
				IPHONEOS_DEPLOYMENT_TARGET = 14.0;
				LOCALIZATION_PREFERS_STRING_CATALOGS = YES;
				MTL_ENABLE_DEBUG_INFO = NO;
				MTL_FAST_MATH = YES;
				SDKROOT = iphoneos;
				SWIFT_COMPILATION_MODE = wholemodule;
				VALIDATE_PRODUCT = YES;
			};
			name = Release;
		};
		71C0AED42E689A9700D9C861 /* Debug */ = {
			isa = XCBuildConfiguration;
			buildSettings = {
				ASSETCATALOG_COMPILER_APPICON_NAME = AppIcon;
				ASSETCATALOG_COMPILER_GLOBAL_ACCENT_COLOR_NAME = AccentColor;
				CODE_SIGN_STYLE = Automatic;
				CURRENT_PROJECT_VERSION = 1;
				DEVELOPMENT_ASSET_PATHS = "\"Google Balls/Preview Content\"";
				DEVELOPMENT_TEAM = TSZPNPFYZB;
				ENABLE_PREVIEWS = YES;
				GENERATE_INFOPLIST_FILE = YES;
				INFOPLIST_KEY_UIApplicationSceneManifest_Generation = YES;
				INFOPLIST_KEY_UIApplicationSupportsIndirectInputEvents = YES;
				INFOPLIST_KEY_UILaunchScreen_Generation = YES;
				INFOPLIST_KEY_UISupportedInterfaceOrientations_iPad = "UIInterfaceOrientationPortrait UIInterfaceOrientationPortraitUpsideDown UIInterfaceOrientationLandscapeLeft UIInterfaceOrientationLandscapeRight";
				INFOPLIST_KEY_UISupportedInterfaceOrientations_iPhone = "UIInterfaceOrientationPortrait UIInterfaceOrientationLandscapeLeft UIInterfaceOrientationLandscapeRight";
				LD_RUNPATH_SEARCH_PATHS = (
					"$(inherited)",
					"@executable_path/Frameworks",
				);
				MARKETING_VERSION = 1.0;
				PRODUCT_BUNDLE_IDENTIFIER = "com.weenie.Google-Balls";
				PRODUCT_NAME = "$(TARGET_NAME)";
				SWIFT_EMIT_LOC_STRINGS = YES;
				SWIFT_VERSION = 5.0;
				TARGETED_DEVICE_FAMILY = "1,2";
			};
			name = Debug;
		};
		71C0AED52E689A9700D9C861 /* Release */ = {
			isa = XCBuildConfiguration;
			buildSettings = {
				ASSETCATALOG_COMPILER_APPICON_NAME = AppIcon;
				ASSETCATALOG_COMPILER_GLOBAL_ACCENT_COLOR_NAME = AccentColor;
				CODE_SIGN_STYLE = Automatic;
				CURRENT_PROJECT_VERSION = 1;
				DEVELOPMENT_ASSET_PATHS = "\"Google Balls/Preview Content\"";
				DEVELOPMENT_TEAM = TSZPNPFYZB;
				ENABLE_PREVIEWS = YES;
				GENERATE_INFOPLIST_FILE = YES;
				INFOPLIST_KEY_UIApplicationSceneManifest_Generation = YES;
				INFOPLIST_KEY_UIApplicationSupportsIndirectInputEvents = YES;
				INFOPLIST_KEY_UILaunchScreen_Generation = YES;
				INFOPLIST_KEY_UISupportedInterfaceOrientations_iPad = "UIInterfaceOrientationPortrait UIInterfaceOrientationPortraitUpsideDown UIInterfaceOrientationLandscapeLeft UIInterfaceOrientationLandscapeRight";
				INFOPLIST_KEY_UISupportedInterfaceOrientations_iPhone = "UIInterfaceOrientationPortrait UIInterfaceOrientationLandscapeLeft UIInterfaceOrientationLandscapeRight";
				LD_RUNPATH_SEARCH_PATHS = (
					"$(inherited)",
					"@executable_path/Frameworks",
				);
				MARKETING_VERSION = 1.0;
				PRODUCT_BUNDLE_IDENTIFIER = "com.weenie.Google-Balls";
				PRODUCT_NAME = "$(TARGET_NAME)";
				SWIFT_EMIT_LOC_STRINGS = YES;
				SWIFT_VERSION = 5.0;
				TARGETED_DEVICE_FAMILY = "1,2";
			};
			name = Release;
		};
		71C0AED72E689A9700D9C861 /* Debug */ = {
			isa = XCBuildConfiguration;
			buildSettings = {
				ALWAYS_EMBED_SWIFT_STANDARD_LIBRARIES = YES;
				BUNDLE_LOADER = "$(TEST_HOST)";
				CODE_SIGN_STYLE = Automatic;
				CURRENT_PROJECT_VERSION = 1;
				GENERATE_INFOPLIST_FILE = YES;
				IPHONEOS_DEPLOYMENT_TARGET = 14.0;
				MARKETING_VERSION = 1.0;
				PRODUCT_BUNDLE_IDENTIFIER = "com.weenie.Google-BallsTests";
				PRODUCT_NAME = "$(TARGET_NAME)";
				SWIFT_EMIT_LOC_STRINGS = NO;
				SWIFT_VERSION = 5.0;
				TARGETED_DEVICE_FAMILY = "1,2";
				TEST_HOST = "$(BUILT_PRODUCTS_DIR)/Google Balls.app/$(BUNDLE_EXECUTABLE_FOLDER_PATH)/Google Balls";
			};
			name = Debug;
		};
		71C0AED82E689A9700D9C861 /* Release */ = {
			isa = XCBuildConfiguration;
			buildSettings = {
				ALWAYS_EMBED_SWIFT_STANDARD_LIBRARIES = YES;
				BUNDLE_LOADER = "$(TEST_HOST)";
				CODE_SIGN_STYLE = Automatic;
				CURRENT_PROJECT_VERSION = 1;
				GENERATE_INFOPLIST_FILE = YES;
				IPHONEOS_DEPLOYMENT_TARGET = 14.0;
				MARKETING_VERSION = 1.0;
				PRODUCT_BUNDLE_IDENTIFIER = "com.weenie.Google-BallsTests";
				PRODUCT_NAME = "$(TARGET_NAME)";
				SWIFT_EMIT_LOC_STRINGS = NO;
				SWIFT_VERSION = 5.0;
				TARGETED_DEVICE_FAMILY = "1,2";
				TEST_HOST = "$(BUILT_PRODUCTS_DIR)/Google Balls.app/$(BUNDLE_EXECUTABLE_FOLDER_PATH)/Google Balls";
			};
			name = Release;
		};
		71C0AEDA2E689A9700D9C861 /* Debug */ = {
			isa = XCBuildConfiguration;
			buildSettings = {
				ALWAYS_EMBED_SWIFT_STANDARD_LIBRARIES = YES;
				CODE_SIGN_STYLE = Automatic;
				CURRENT_PROJECT_VERSION = 1;
				GENERATE_INFOPLIST_FILE = YES;
				MARKETING_VERSION = 1.0;
				PRODUCT_BUNDLE_IDENTIFIER = "com.weenie.Google-BallsUITests";
				PRODUCT_NAME = "$(TARGET_NAME)";
				SWIFT_EMIT_LOC_STRINGS = NO;
				SWIFT_VERSION = 5.0;
				TARGETED_DEVICE_FAMILY = "1,2";
				TEST_TARGET_NAME = "Google Balls";
			};
			name = Debug;
		};
		71C0AEDB2E689A9700D9C861 /* Release */ = {
			isa = XCBuildConfiguration;
			buildSettings = {
				ALWAYS_EMBED_SWIFT_STANDARD_LIBRARIES = YES;
				CODE_SIGN_STYLE = Automatic;
				CURRENT_PROJECT_VERSION = 1;
				GENERATE_INFOPLIST_FILE = YES;
				MARKETING_VERSION = 1.0;
				PRODUCT_BUNDLE_IDENTIFIER = "com.weenie.Google-BallsUITests";
				PRODUCT_NAME = "$(TARGET_NAME)";
				SWIFT_EMIT_LOC_STRINGS = NO;
				SWIFT_VERSION = 5.0;
				TARGETED_DEVICE_FAMILY = "1,2";
				TEST_TARGET_NAME = "Google Balls";
			};
			name = Release;
		};
/* End XCBuildConfiguration section */

/* Begin XCConfigurationList section */
		71C0AEAA2E689A9600D9C861 /* Build configuration list for PBXProject "Google Balls" */ = {
			isa = XCConfigurationList;
			buildConfigurations = (
				71C0AED12E689A9700D9C861 /* Debug */,
				71C0AED22E689A9700D9C861 /* Release */,
			);
			defaultConfigurationIsVisible = 0;
			defaultConfigurationName = Release;
		};
		71C0AED32E689A9700D9C861 /* Build configuration list for PBXNativeTarget "Google Balls" */ = {
			isa = XCConfigurationList;
			buildConfigurations = (
				71C0AED42E689A9700D9C861 /* Debug */,
				71C0AED52E689A9700D9C861 /* Release */,
			);
			defaultConfigurationIsVisible = 0;
			defaultConfigurationName = Release;
		};
		71C0AED62E689A9700D9C861 /* Build configuration list for PBXNativeTarget "Google BallsTests" */ = {
			isa = XCConfigurationList;
			buildConfigurations = (
				71C0AED72E689A9700D9C861 /* Debug */,
				71C0AED82E689A9700D9C861 /* Release */,
			);
			defaultConfigurationIsVisible = 0;
			defaultConfigurationName = Release;
		};
		71C0AED92E689A9700D9C861 /* Build configuration list for PBXNativeTarget "Google BallsUITests" */ = {
			isa = XCConfigurationList;
			buildConfigurations = (
				71C0AEDA2E689A9700D9C861 /* Debug */,
				71C0AEDB2E689A9700D9C861 /* Release */,
			);
			defaultConfigurationIsVisible = 0;
			defaultConfigurationName = Release;
		};
/* End XCConfigurationList section */
	};
	rootObject = 71C0AEA72E689A9600D9C861 /* Project object */;
}
